
Microsoft Visual Studio Solution File, Format Version 12.00
# Visual Studio Version 17
VisualStudioVersion = 17.10.35027.167
MinimumVisualStudioVersion = 10.0.40219.1
Project("{FAE04EC0-301F-11D3-BF4B-00C04F79EFBC}") = "HelloWorld", "HelloWorld\HelloWorld.csproj", "{60D53F2D-DCE9-44C3-A68C-76B20DE709F9}"
EndProject
Global
	GlobalSection(SolutionConfigurationPlatforms) = preSolution
		Debug|Any CPU = Debug|Any CPU
		Release|Any CPU = Release|Any CPU
	EndGlobalSection
	GlobalSection(ProjectConfigurationPlatforms) = postSolution
		{60D53F2D-DCE9-44C3-A68C-76B20DE709F9}.Debug|Any CPU.ActiveCfg = Debug|Any CPU
		{60D53F2D-DCE9-44C3-A68C-76B20DE709F9}.Debug|Any CPU.Build.0 = Debug|Any CPU
		{60D53F2D-DCE9-44C3-A68C-76B20DE709F9}.Release|Any CPU.ActiveCfg = Release|Any CPU
		{60D53F2D-DCE9-44C3-A68C-76B20DE709F9}.Release|Any CPU.Build.0 = Release|Any CPU
	EndGlobalSection
	GlobalSection(SolutionProperties) = preSolution
		HideSolutionNode = FALSE
	EndGlobalSection
	GlobalSection(ExtensibilityGlobals) = postSolution
		SolutionGuid = {BFAFB239-6617-40C1-BB5F-4E70A3D559E3}
	EndGlobalSection
EndGlobal
